
Microsoft Visual Studio Solution File, Format Version 12.00
# Visual Studio Version 17
VisualStudioVersion = 17.11.35327.3
MinimumVisualStudioVersion = 10.0.40219.1
Project("{8BC9CEB8-8B4A-11D0-8D11-00A0C91BC942}") = "L3,Z1", "ConsoleApplication1\ConsoleApplication1.vcxproj", "{FE7F1878-BF53-4F39-BB30-E71D48CAB46A}"
EndProject
Project("{8BC9CEB8-8B4A-11D0-8D11-00A0C91BC942}") = "L3,Z2", "L3,Z2\L3,Z2.vcxproj", "{215ADFB6-8D35-43CA-A077-13D99D52E174}"
EndProject
Global
	GlobalSection(SolutionConfigurationPlatforms) = preSolution
		Debug|x64 = Debug|x64
		Debug|x86 = Debug|x86
		Release|x64 = Release|x64
		Release|x86 = Release|x86
	EndGlobalSection
	GlobalSection(ProjectConfigurationPlatforms) = postSolution
		{FE7F1878-BF53-4F39-BB30-E71D48CAB46A}.Debug|x64.ActiveCfg = Debug|x64
		{FE7F1878-BF53-4F39-BB30-E71D48CAB46A}.Debug|x64.Build.0 = Debug|x64
		{FE7F1878-BF53-4F39-BB30-E71D48CAB46A}.Debug|x86.ActiveCfg = Debug|Win32
		{FE7F1878-BF53-4F39-BB30-E71D48CAB46A}.Debug|x86.Build.0 = Debug|Win32
		{FE7F1878-BF53-4F39-BB30-E71D48CAB46A}.Release|x64.ActiveCfg = Release|x64
		{FE7F1878-BF53-4F39-BB30-E71D48CAB46A}.Release|x64.Build.0 = Release|x64
		{FE7F1878-BF53-4F39-BB30-E71D48CAB46A}.Release|x86.ActiveCfg = Release|Win32
		{FE7F1878-BF53-4F39-BB30-E71D48CAB46A}.Release|x86.Build.0 = Release|Win32
		{215ADFB6-8D35-43CA-A077-13D99D52E174}.Debug|x64.ActiveCfg = Debug|x64
		{215ADFB6-8D35-43CA-A077-13D99D52E174}.Debug|x64.Build.0 = Debug|x64
		{215ADFB6-8D35-43CA-A077-13D99D52E174}.Debug|x86.ActiveCfg = Debug|Win32
		{215ADFB6-8D35-43CA-A077-13D99D52E174}.Debug|x86.Build.0 = Debug|Win32
		{215ADFB6-8D35-43CA-A077-13D99D52E174}.Release|x64.ActiveCfg = Release|x64
		{215ADFB6-8D35-43CA-A077-13D99D52E174}.Release|x64.Build.0 = Release|x64
		{215ADFB6-8D35-43CA-A077-13D99D52E174}.Release|x86.ActiveCfg = Release|Win32
		{215ADFB6-8D35-43CA-A077-13D99D52E174}.Release|x86.Build.0 = Release|Win32
	EndGlobalSection
	GlobalSection(SolutionProperties) = preSolution
		HideSolutionNode = FALSE
	EndGlobalSection
	GlobalSection(ExtensibilityGlobals) = postSolution
		SolutionGuid = {EB4CDE38-4276-4D17-A931-88A32F338FBA}
	EndGlobalSection
EndGlobal
